
Microsoft Visual Studio Solution File, Format Version 12.00
# Visual Studio Version 17
VisualStudioVersion = 17.9.34616.47
MinimumVisualStudioVersion = 10.0.40219.1
Project("{FAE04EC0-301F-11D3-BF4B-00C04F79EFBC}") = "TypesAndVariables", "TypesAndVariables\TypesAndVariables.csproj", "{D3ED7E87-788C-4C71-8361-A26DF29BFA37}"
EndProject
Project("{FAE04EC0-301F-11D3-BF4B-00C04F79EFBC}") = "Conditionals", "Conditionals\Conditionals.csproj", "{A0EBE6B6-FF05-43C8-810D-B61F6B8B3A90}"
EndProject
Global
	GlobalSection(SolutionConfigurationPlatforms) = preSolution
		Debug|Any CPU = Debug|Any CPU
		Release|Any CPU = Release|Any CPU
	EndGlobalSection
	GlobalSection(ProjectConfigurationPlatforms) = postSolution
		{D3ED7E87-788C-4C71-8361-A26DF29BFA37}.Debug|Any CPU.ActiveCfg = Debug|Any CPU
		{D3ED7E87-788C-4C71-8361-A26DF29BFA37}.Debug|Any CPU.Build.0 = Debug|Any CPU
		{D3ED7E87-788C-4C71-8361-A26DF29BFA37}.Release|Any CPU.ActiveCfg = Release|Any CPU
		{D3ED7E87-788C-4C71-8361-A26DF29BFA37}.Release|Any CPU.Build.0 = Release|Any CPU
		{A0EBE6B6-FF05-43C8-810D-B61F6B8B3A90}.Debug|Any CPU.ActiveCfg = Debug|Any CPU
		{A0EBE6B6-FF05-43C8-810D-B61F6B8B3A90}.Debug|Any CPU.Build.0 = Debug|Any CPU
		{A0EBE6B6-FF05-43C8-810D-B61F6B8B3A90}.Release|Any CPU.ActiveCfg = Release|Any CPU
		{A0EBE6B6-FF05-43C8-810D-B61F6B8B3A90}.Release|Any CPU.Build.0 = Release|Any CPU
	EndGlobalSection
	GlobalSection(SolutionProperties) = preSolution
		HideSolutionNode = FALSE
	EndGlobalSection
	GlobalSection(ExtensibilityGlobals) = postSolution
		SolutionGuid = {639A8467-35AE-4407-BD52-32616C77BA78}
	EndGlobalSection
EndGlobal
